// !$*UTF8*$!
{
	archiveVersion = 1;
	classes = {
	};
	objectVersion = 55;
	objects = {

/* Begin PBXBuildFile section */
		6A32082AA9B07FFC4E337825 /* Pods_FlashChat.framework in Frameworks */ = {isa = PBXBuildFile; fileRef = 238556010D0CE46AD6F4587C /* Pods_FlashChat.framework */; };
		8F06A4A128B33E62000BEECF /* FirebaseAuth in Frameworks */ = {isa = PBXBuildFile; productRef = 8F06A4A028B33E62000BEECF /* FirebaseAuth */; };
		8F06A4A328B33E62000BEECF /* FirebaseFirestore in Frameworks */ = {isa = PBXBuildFile; productRef = 8F06A4A228B33E62000BEECF /* FirebaseFirestore */; };
		8F4AA53E28B3510200EBEB1A /* Constants.swift in Sources */ = {isa = PBXBuildFile; fileRef = 8F4AA53D28B3510200EBEB1A /* Constants.swift */; };
		8F4AA54028B36B2B00EBEB1A /* Message.swift in Sources */ = {isa = PBXBuildFile; fileRef = 8F4AA53F28B36B2B00EBEB1A /* Message.swift */; };
		8F57BF6D28B250E6001F4AC7 /* AppDelegate.swift in Sources */ = {isa = PBXBuildFile; fileRef = 8F57BF6C28B250E6001F4AC7 /* AppDelegate.swift */; };
		8F57BF6F28B250E6001F4AC7 /* SceneDelegate.swift in Sources */ = {isa = PBXBuildFile; fileRef = 8F57BF6E28B250E6001F4AC7 /* SceneDelegate.swift */; };
		8F57BF7428B250E6001F4AC7 /* Main.storyboard in Resources */ = {isa = PBXBuildFile; fileRef = 8F57BF7228B250E6001F4AC7 /* Main.storyboard */; };
		8F57BF7628B250E9001F4AC7 /* Assets.xcassets in Resources */ = {isa = PBXBuildFile; fileRef = 8F57BF7528B250E9001F4AC7 /* Assets.xcassets */; };
		8F57BF7928B250E9001F4AC7 /* LaunchScreen.storyboard in Resources */ = {isa = PBXBuildFile; fileRef = 8F57BF7728B250E9001F4AC7 /* LaunchScreen.storyboard */; };
		8F57BF8528B251FC001F4AC7 /* RegisterViewController.swift in Sources */ = {isa = PBXBuildFile; fileRef = 8F57BF8128B251FC001F4AC7 /* RegisterViewController.swift */; };
		8F57BF8628B251FC001F4AC7 /* WelcomeViewController.swift in Sources */ = {isa = PBXBuildFile; fileRef = 8F57BF8228B251FC001F4AC7 /* WelcomeViewController.swift */; };
		8F57BF8728B251FC001F4AC7 /* LoginViewController.swift in Sources */ = {isa = PBXBuildFile; fileRef = 8F57BF8328B251FC001F4AC7 /* LoginViewController.swift */; };
		8F57BF8828B251FC001F4AC7 /* ChatViewController.swift in Sources */ = {isa = PBXBuildFile; fileRef = 8F57BF8428B251FC001F4AC7 /* ChatViewController.swift */; };
		8FB2E06128B373CF000DCBD5 /* MessageCell.swift in Sources */ = {isa = PBXBuildFile; fileRef = 8FB2E05F28B373CF000DCBD5 /* MessageCell.swift */; };
		8FB2E06228B373CF000DCBD5 /* MessageCell.xib in Resources */ = {isa = PBXBuildFile; fileRef = 8FB2E06028B373CF000DCBD5 /* MessageCell.xib */; };
		8FF684A328B331FF00BE4AE7 /* GoogleService-Info.plist in Resources */ = {isa = PBXBuildFile; fileRef = 8FF684A228B331FF00BE4AE7 /* GoogleService-Info.plist */; };
/* End PBXBuildFile section */

/* Begin PBXFileReference section */
		238556010D0CE46AD6F4587C /* Pods_FlashChat.framework */ = {isa = PBXFileReference; explicitFileType = wrapper.framework; includeInIndex = 0; path = Pods_FlashChat.framework; sourceTree = BUILT_PRODUCTS_DIR; };
		4ACB858ECF24D5086A89289A /* Pods-FlashChat.release.xcconfig */ = {isa = PBXFileReference; includeInIndex = 1; lastKnownFileType = text.xcconfig; name = "Pods-FlashChat.release.xcconfig"; path = "Target Support Files/Pods-FlashChat/Pods-FlashChat.release.xcconfig"; sourceTree = "<group>"; };
		8F4AA53D28B3510200EBEB1A /* Constants.swift */ = {isa = PBXFileReference; lastKnownFileType = sourcecode.swift; path = Constants.swift; sourceTree = "<group>"; };
		8F4AA53F28B36B2B00EBEB1A /* Message.swift */ = {isa = PBXFileReference; lastKnownFileType = sourcecode.swift; path = Message.swift; sourceTree = "<group>"; };
		8F57BF6928B250E6001F4AC7 /* FlashChat.app */ = {isa = PBXFileReference; explicitFileType = wrapper.application; includeInIndex = 0; path = FlashChat.app; sourceTree = BUILT_PRODUCTS_DIR; };
		8F57BF6C28B250E6001F4AC7 /* AppDelegate.swift */ = {isa = PBXFileReference; lastKnownFileType = sourcecode.swift; path = AppDelegate.swift; sourceTree = "<group>"; };
		8F57BF6E28B250E6001F4AC7 /* SceneDelegate.swift */ = {isa = PBXFileReference; lastKnownFileType = sourcecode.swift; path = SceneDelegate.swift; sourceTree = "<group>"; };
		8F57BF7328B250E6001F4AC7 /* Base */ = {isa = PBXFileReference; lastKnownFileType = file.storyboard; name = Base; path = Base.lproj/Main.storyboard; sourceTree = "<group>"; };
		8F57BF7528B250E9001F4AC7 /* Assets.xcassets */ = {isa = PBXFileReference; lastKnownFileType = folder.assetcatalog; path = Assets.xcassets; sourceTree = "<group>"; };
		8F57BF7828B250E9001F4AC7 /* Base */ = {isa = PBXFileReference; lastKnownFileType = file.storyboard; name = Base; path = Base.lproj/LaunchScreen.storyboard; sourceTree = "<group>"; };
		8F57BF7A28B250E9001F4AC7 /* Info.plist */ = {isa = PBXFileReference; lastKnownFileType = text.plist.xml; path = Info.plist; sourceTree = "<group>"; };
		8F57BF8128B251FC001F4AC7 /* RegisterViewController.swift */ = {isa = PBXFileReference; fileEncoding = 4; lastKnownFileType = sourcecode.swift; path = RegisterViewController.swift; sourceTree = "<group>"; };
		8F57BF8228B251FC001F4AC7 /* WelcomeViewController.swift */ = {isa = PBXFileReference; fileEncoding = 4; lastKnownFileType = sourcecode.swift; path = WelcomeViewController.swift; sourceTree = "<group>"; };
		8F57BF8328B251FC001F4AC7 /* LoginViewController.swift */ = {isa = PBXFileReference; fileEncoding = 4; lastKnownFileType = sourcecode.swift; path = LoginViewController.swift; sourceTree = "<group>"; };
		8F57BF8428B251FC001F4AC7 /* ChatViewController.swift */ = {isa = PBXFileReference; fileEncoding = 4; lastKnownFileType = sourcecode.swift; path = ChatViewController.swift; sourceTree = "<group>"; };
		8FB2E05F28B373CF000DCBD5 /* MessageCell.swift */ = {isa = PBXFileReference; lastKnownFileType = sourcecode.swift; path = MessageCell.swift; sourceTree = "<group>"; };
		8FB2E06028B373CF000DCBD5 /* MessageCell.xib */ = {isa = PBXFileReference; lastKnownFileType = file.xib; path = MessageCell.xib; sourceTree = "<group>"; };
		8FF684A228B331FF00BE4AE7 /* GoogleService-Info.plist */ = {isa = PBXFileReference; fileEncoding = 4; lastKnownFileType = text.plist.xml; path = "GoogleService-Info.plist"; sourceTree = "<group>"; };
		B472F1EC4996991E250DB795 /* Pods-FlashChat.debug.xcconfig */ = {isa = PBXFileReference; includeInIndex = 1; lastKnownFileType = text.xcconfig; name = "Pods-FlashChat.debug.xcconfig"; path = "Target Support Files/Pods-FlashChat/Pods-FlashChat.debug.xcconfig"; sourceTree = "<group>"; };
/* End PBXFileReference section */

/* Begin PBXFrameworksBuildPhase section */
		8F57BF6628B250E6001F4AC7 /* Frameworks */ = {
			isa = PBXFrameworksBuildPhase;
			buildActionMask = 2147483647;
			files = (
				6A32082AA9B07FFC4E337825 /* Pods_FlashChat.framework in Frameworks */,
				8F06A4A128B33E62000BEECF /* FirebaseAuth in Frameworks */,
				8F06A4A328B33E62000BEECF /* FirebaseFirestore in Frameworks */,
			);
			runOnlyForDeploymentPostprocessing = 0;
		};
/* End PBXFrameworksBuildPhase section */

/* Begin PBXGroup section */
		18E2C3F94BF0E64A48212389 /* Pods */ = {
			isa = PBXGroup;
			children = (
				B472F1EC4996991E250DB795 /* Pods-FlashChat.debug.xcconfig */,
				4ACB858ECF24D5086A89289A /* Pods-FlashChat.release.xcconfig */,
			);
			path = Pods;
			sourceTree = "<group>";
		};
		8F57BF6028B250E6001F4AC7 = {
			isa = PBXGroup;
			children = (
				8F57BF6B28B250E6001F4AC7 /* FlashChat */,
				8F57BF6A28B250E6001F4AC7 /* Products */,
				18E2C3F94BF0E64A48212389 /* Pods */,
				C338180FF16C97D3E11E2873 /* Frameworks */,
			);
			sourceTree = "<group>";
		};
		8F57BF6A28B250E6001F4AC7 /* Products */ = {
			isa = PBXGroup;
			children = (
				8F57BF6928B250E6001F4AC7 /* FlashChat.app */,
			);
			name = Products;
			sourceTree = "<group>";
		};
		8F57BF6B28B250E6001F4AC7 /* FlashChat */ = {
			isa = PBXGroup;
			children = (
				8F57BF6C28B250E6001F4AC7 /* AppDelegate.swift */,
				8F57BF6E28B250E6001F4AC7 /* SceneDelegate.swift */,
				8F57BF8A28B25231001F4AC7 /* Models */,
				8F57BF8B28B2523B001F4AC7 /* View */,
				8F57BF8028B251E0001F4AC7 /* Controllers */,
				8F57BF7528B250E9001F4AC7 /* Assets.xcassets */,
				8F57BF7728B250E9001F4AC7 /* LaunchScreen.storyboard */,
				8F57BF7A28B250E9001F4AC7 /* Info.plist */,
				8FF684A228B331FF00BE4AE7 /* GoogleService-Info.plist */,
				8F4AA53D28B3510200EBEB1A /* Constants.swift */,
			);
			path = FlashChat;
			sourceTree = "<group>";
		};
		8F57BF8028B251E0001F4AC7 /* Controllers */ = {
			isa = PBXGroup;
			children = (
				8F57BF8428B251FC001F4AC7 /* ChatViewController.swift */,
				8F57BF8328B251FC001F4AC7 /* LoginViewController.swift */,
				8F57BF8128B251FC001F4AC7 /* RegisterViewController.swift */,
				8F57BF8228B251FC001F4AC7 /* WelcomeViewController.swift */,
			);
			path = Controllers;
			sourceTree = "<group>";
		};
		8F57BF8A28B25231001F4AC7 /* Models */ = {
			isa = PBXGroup;
			children = (
				8F4AA53F28B36B2B00EBEB1A /* Message.swift */,
			);
			path = Models;
			sourceTree = "<group>";
		};
		8F57BF8B28B2523B001F4AC7 /* View */ = {
			isa = PBXGroup;
			children = (
				8F57BF7228B250E6001F4AC7 /* Main.storyboard */,
				8FB2E05F28B373CF000DCBD5 /* MessageCell.swift */,
				8FB2E06028B373CF000DCBD5 /* MessageCell.xib */,
			);
			path = View;
			sourceTree = "<group>";
		};
		C338180FF16C97D3E11E2873 /* Frameworks */ = {
			isa = PBXGroup;
			children = (
				238556010D0CE46AD6F4587C /* Pods_FlashChat.framework */,
			);
			name = Frameworks;
			sourceTree = "<group>";
		};
/* End PBXGroup section */

/* Begin PBXNativeTarget section */
		8F57BF6828B250E6001F4AC7 /* FlashChat */ = {
			isa = PBXNativeTarget;
			buildConfigurationList = 8F57BF7D28B250E9001F4AC7 /* Build configuration list for PBXNativeTarget "FlashChat" */;
			buildPhases = (
				315CAF0F8C5FC479986EC68B /* [CP] Check Pods Manifest.lock */,
				8F57BF6528B250E6001F4AC7 /* Sources */,
				8F57BF6628B250E6001F4AC7 /* Frameworks */,
				8F57BF6728B250E6001F4AC7 /* Resources */,
				9E27F299C623D3EE36A91DED /* [CP] Embed Pods Frameworks */,
			);
			buildRules = (
			);
			dependencies = (
			);
			name = FlashChat;
			packageProductDependencies = (
				8F06A4A028B33E62000BEECF /* FirebaseAuth */,
				8F06A4A228B33E62000BEECF /* FirebaseFirestore */,
			);
			productName = FlashChat;
			productReference = 8F57BF6928B250E6001F4AC7 /* FlashChat.app */;
			productType = "com.apple.product-type.application";
		};
/* End PBXNativeTarget section */

/* Begin PBXProject section */
		8F57BF6128B250E6001F4AC7 /* Project object */ = {
			isa = PBXProject;
			attributes = {
				BuildIndependentTargetsInParallel = 1;
				LastSwiftUpdateCheck = 1340;
				LastUpgradeCheck = 1340;
				TargetAttributes = {
					8F57BF6828B250E6001F4AC7 = {
						CreatedOnToolsVersion = 13.4.1;
					};
				};
			};
			buildConfigurationList = 8F57BF6428B250E6001F4AC7 /* Build configuration list for PBXProject "FlashChat" */;
			compatibilityVersion = "Xcode 13.0";
			developmentRegion = en;
			hasScannedForEncodings = 0;
			knownRegions = (
				en,
				Base,
			);
			mainGroup = 8F57BF6028B250E6001F4AC7;
			packageReferences = (
				8F06A49F28B33E62000BEECF /* XCRemoteSwiftPackageReference "firebase-ios-sdk" */,
			);
			productRefGroup = 8F57BF6A28B250E6001F4AC7 /* Products */;
			projectDirPath = "";
			projectRoot = "";
			targets = (
				8F57BF6828B250E6001F4AC7 /* FlashChat */,
			);
		};
/* End PBXProject section */

/* Begin PBXResourcesBuildPhase section */
		8F57BF6728B250E6001F4AC7 /* Resources */ = {
			isa = PBXResourcesBuildPhase;
			buildActionMask = 2147483647;
			files = (
				8FB2E06228B373CF000DCBD5 /* MessageCell.xib in Resources */,
				8F57BF7928B250E9001F4AC7 /* LaunchScreen.storyboard in Resources */,
				8FF684A328B331FF00BE4AE7 /* GoogleService-Info.plist in Resources */,
				8F57BF7628B250E9001F4AC7 /* Assets.xcassets in Resources */,
				8F57BF7428B250E6001F4AC7 /* Main.storyboard in Resources */,
			);
			runOnlyForDeploymentPostprocessing = 0;
		};
/* End PBXResourcesBuildPhase section */

/* Begin PBXShellScriptBuildPhase section */
		315CAF0F8C5FC479986EC68B /* [CP] Check Pods Manifest.lock */ = {
			isa = PBXShellScriptBuildPhase;
			buildActionMask = 2147483647;
			files = (
			);
			inputFileListPaths = (
			);
			inputPaths = (
				"${PODS_PODFILE_DIR_PATH}/Podfile.lock",
				"${PODS_ROOT}/Manifest.lock",
			);
			name = "[CP] Check Pods Manifest.lock";
			outputFileListPaths = (
			);
			outputPaths = (
				"$(DERIVED_FILE_DIR)/Pods-FlashChat-checkManifestLockResult.txt",
			);
			runOnlyForDeploymentPostprocessing = 0;
			shellPath = /bin/sh;
			shellScript = "diff \"${PODS_PODFILE_DIR_PATH}/Podfile.lock\" \"${PODS_ROOT}/Manifest.lock\" > /dev/null\nif [ $? != 0 ] ; then\n    # print error to STDERR\n    echo \"error: The sandbox is not in sync with the Podfile.lock. Run 'pod install' or update your CocoaPods installation.\" >&2\n    exit 1\nfi\n# This output is used by Xcode 'outputs' to avoid re-running this script phase.\necho \"SUCCESS\" > \"${SCRIPT_OUTPUT_FILE_0}\"\n";
			showEnvVarsInLog = 0;
		};
		9E27F299C623D3EE36A91DED /* [CP] Embed Pods Frameworks */ = {
			isa = PBXShellScriptBuildPhase;
			buildActionMask = 2147483647;
			files = (
			);
			inputFileListPaths = (
				"${PODS_ROOT}/Target Support Files/Pods-FlashChat/Pods-FlashChat-frameworks-${CONFIGURATION}-input-files.xcfilelist",
			);
			name = "[CP] Embed Pods Frameworks";
			outputFileListPaths = (
				"${PODS_ROOT}/Target Support Files/Pods-FlashChat/Pods-FlashChat-frameworks-${CONFIGURATION}-output-files.xcfilelist",
			);
			runOnlyForDeploymentPostprocessing = 0;
			shellPath = /bin/sh;
			shellScript = "\"${PODS_ROOT}/Target Support Files/Pods-FlashChat/Pods-FlashChat-frameworks.sh\"\n";
			showEnvVarsInLog = 0;
		};
/* End PBXShellScriptBuildPhase section */

/* Begin PBXSourcesBuildPhase section */
		8F57BF6528B250E6001F4AC7 /* Sources */ = {
			isa = PBXSourcesBuildPhase;
			buildActionMask = 2147483647;
			files = (
				8F57BF8728B251FC001F4AC7 /* LoginViewController.swift in Sources */,
				8F57BF8628B251FC001F4AC7 /* WelcomeViewController.swift in Sources */,
				8F57BF8828B251FC001F4AC7 /* ChatViewController.swift in Sources */,
				8F57BF6D28B250E6001F4AC7 /* AppDelegate.swift in Sources */,
				8F4AA53E28B3510200EBEB1A /* Constants.swift in Sources */,
				8F4AA54028B36B2B00EBEB1A /* Message.swift in Sources */,
				8F57BF6F28B250E6001F4AC7 /* SceneDelegate.swift in Sources */,
				8F57BF8528B251FC001F4AC7 /* RegisterViewController.swift in Sources */,
				8FB2E06128B373CF000DCBD5 /* MessageCell.swift in Sources */,
			);
			runOnlyForDeploymentPostprocessing = 0;
		};
/* End PBXSourcesBuildPhase section */

/* Begin PBXVariantGroup section */
		8F57BF7228B250E6001F4AC7 /* Main.storyboard */ = {
			isa = PBXVariantGroup;
			children = (
				8F57BF7328B250E6001F4AC7 /* Base */,
			);
			name = Main.storyboard;
			sourceTree = "<group>";
		};
		8F57BF7728B250E9001F4AC7 /* LaunchScreen.storyboard */ = {
			isa = PBXVariantGroup;
			children = (
				8F57BF7828B250E9001F4AC7 /* Base */,
			);
			name = LaunchScreen.storyboard;
			sourceTree = "<group>";
		};
/* End PBXVariantGroup section */

/* Begin XCBuildConfiguration section */
		8F57BF7B28B250E9001F4AC7 /* Debug */ = {
			isa = XCBuildConfiguration;
			buildSettings = {
				ALWAYS_SEARCH_USER_PATHS = NO;
				CLANG_ANALYZER_NONNULL = YES;
				CLANG_ANALYZER_NUMBER_OBJECT_CONVERSION = YES_AGGRESSIVE;
				CLANG_CXX_LANGUAGE_STANDARD = "gnu++17";
				CLANG_ENABLE_MODULES = YES;
				CLANG_ENABLE_OBJC_ARC = YES;
				CLANG_ENABLE_OBJC_WEAK = YES;
				CLANG_WARN_BLOCK_CAPTURE_AUTORELEASING = YES;
				CLANG_WARN_BOOL_CONVERSION = YES;
				CLANG_WARN_COMMA = YES;
				CLANG_WARN_CONSTANT_CONVERSION = YES;
				CLANG_WARN_DEPRECATED_OBJC_IMPLEMENTATIONS = YES;
				CLANG_WARN_DIRECT_OBJC_ISA_USAGE = YES_ERROR;
				CLANG_WARN_DOCUMENTATION_COMMENTS = YES;
				CLANG_WARN_EMPTY_BODY = YES;
				CLANG_WARN_ENUM_CONVERSION = YES;
				CLANG_WARN_INFINITE_RECURSION = YES;
				CLANG_WARN_INT_CONVERSION = YES;
				CLANG_WARN_NON_LITERAL_NULL_CONVERSION = YES;
				CLANG_WARN_OBJC_IMPLICIT_RETAIN_SELF = YES;
				CLANG_WARN_OBJC_LITERAL_CONVERSION = YES;
				CLANG_WARN_OBJC_ROOT_CLASS = YES_ERROR;
				CLANG_WARN_QUOTED_INCLUDE_IN_FRAMEWORK_HEADER = YES;
				CLANG_WARN_RANGE_LOOP_ANALYSIS = YES;
				CLANG_WARN_STRICT_PROTOTYPES = YES;
				CLANG_WARN_SUSPICIOUS_MOVE = YES;
				CLANG_WARN_UNGUARDED_AVAILABILITY = YES_AGGRESSIVE;
				CLANG_WARN_UNREACHABLE_CODE = YES;
				CLANG_WARN__DUPLICATE_METHOD_MATCH = YES;
				COPY_PHASE_STRIP = NO;
				DEBUG_INFORMATION_FORMAT = dwarf;
				ENABLE_STRICT_OBJC_MSGSEND = YES;
				ENABLE_TESTABILITY = YES;
				GCC_C_LANGUAGE_STANDARD = gnu11;
				GCC_DYNAMIC_NO_PIC = NO;
				GCC_NO_COMMON_BLOCKS = YES;
				GCC_OPTIMIZATION_LEVEL = 0;
				GCC_PREPROCESSOR_DEFINITIONS = (
					"DEBUG=1",
					"$(inherited)",
				);
				GCC_WARN_64_TO_32_BIT_CONVERSION = YES;
				GCC_WARN_ABOUT_RETURN_TYPE = YES_ERROR;
				GCC_WARN_UNDECLARED_SELECTOR = YES;
				GCC_WARN_UNINITIALIZED_AUTOS = YES_AGGRESSIVE;
				GCC_WARN_UNUSED_FUNCTION = YES;
				GCC_WARN_UNUSED_VARIABLE = YES;
				IPHONEOS_DEPLOYMENT_TARGET = 13.0;
				MTL_ENABLE_DEBUG_INFO = INCLUDE_SOURCE;
				MTL_FAST_MATH = YES;
				ONLY_ACTIVE_ARCH = YES;
				SDKROOT = iphoneos;
				SWIFT_ACTIVE_COMPILATION_CONDITIONS = DEBUG;
				SWIFT_OPTIMIZATION_LEVEL = "-Onone";
			};
			name = Debug;
		};
		8F57BF7C28B250E9001F4AC7 /* Release */ = {
			isa = XCBuildConfiguration;
			buildSettings = {
				ALWAYS_SEARCH_USER_PATHS = NO;
				CLANG_ANALYZER_NONNULL = YES;
				CLANG_ANALYZER_NUMBER_OBJECT_CONVERSION = YES_AGGRESSIVE;
				CLANG_CXX_LANGUAGE_STANDARD = "gnu++17";
				CLANG_ENABLE_MODULES = YES;
				CLANG_ENABLE_OBJC_ARC = YES;
				CLANG_ENABLE_OBJC_WEAK = YES;
				CLANG_WARN_BLOCK_CAPTURE_AUTORELEASING = YES;
				CLANG_WARN_BOOL_CONVERSION = YES;
				CLANG_WARN_COMMA = YES;
				CLANG_WARN_CONSTANT_CONVERSION = YES;
				CLANG_WARN_DEPRECATED_OBJC_IMPLEMENTATIONS = YES;
				CLANG_WARN_DIRECT_OBJC_ISA_USAGE = YES_ERROR;
				CLANG_WARN_DOCUMENTATION_COMMENTS = YES;
				CLANG_WARN_EMPTY_BODY = YES;
				CLANG_WARN_ENUM_CONVERSION = YES;
				CLANG_WARN_INFINITE_RECURSION = YES;
				CLANG_WARN_INT_CONVERSION = YES;
				CLANG_WARN_NON_LITERAL_NULL_CONVERSION = YES;
				CLANG_WARN_OBJC_IMPLICIT_RETAIN_SELF = YES;
				CLANG_WARN_OBJC_LITERAL_CONVERSION = YES;
				CLANG_WARN_OBJC_ROOT_CLASS = YES_ERROR;
				CLANG_WARN_QUOTED_INCLUDE_IN_FRAMEWORK_HEADER = YES;
				CLANG_WARN_RANGE_LOOP_ANALYSIS = YES;
				CLANG_WARN_STRICT_PROTOTYPES = YES;
				CLANG_WARN_SUSPICIOUS_MOVE = YES;
				CLANG_WARN_UNGUARDED_AVAILABILITY = YES_AGGRESSIVE;
				CLANG_WARN_UNREACHABLE_CODE = YES;
				CLANG_WARN__DUPLICATE_METHOD_MATCH = YES;
				COPY_PHASE_STRIP = NO;
				DEBUG_INFORMATION_FORMAT = "dwarf-with-dsym";
				ENABLE_NS_ASSERTIONS = NO;
				ENABLE_STRICT_OBJC_MSGSEND = YES;
				GCC_C_LANGUAGE_STANDARD = gnu11;
				GCC_NO_COMMON_BLOCKS = YES;
				GCC_WARN_64_TO_32_BIT_CONVERSION = YES;
				GCC_WARN_ABOUT_RETURN_TYPE = YES_ERROR;
				GCC_WARN_UNDECLARED_SELECTOR = YES;
				GCC_WARN_UNINITIALIZED_AUTOS = YES_AGGRESSIVE;
				GCC_WARN_UNUSED_FUNCTION = YES;
				GCC_WARN_UNUSED_VARIABLE = YES;
				IPHONEOS_DEPLOYMENT_TARGET = 13.0;
				MTL_ENABLE_DEBUG_INFO = NO;
				MTL_FAST_MATH = YES;
				SDKROOT = iphoneos;
				SWIFT_COMPILATION_MODE = wholemodule;
				SWIFT_OPTIMIZATION_LEVEL = "-O";
				VALIDATE_PRODUCT = YES;
			};
			name = Release;
		};
		8F57BF7E28B250E9001F4AC7 /* Debug */ = {
			isa = XCBuildConfiguration;
			baseConfigurationReference = B472F1EC4996991E250DB795 /* Pods-FlashChat.debug.xcconfig */;
			buildSettings = {
				ASSETCATALOG_COMPILER_APPICON_NAME = AppIcon;
				ASSETCATALOG_COMPILER_GLOBAL_ACCENT_COLOR_NAME = AccentColor;
				CODE_SIGN_STYLE = Automatic;
				CURRENT_PROJECT_VERSION = 1;
				DEVELOPMENT_TEAM = 67Y666X7TJ;
				GENERATE_INFOPLIST_FILE = YES;
				INFOPLIST_FILE = FlashChat/Info.plist;
				INFOPLIST_KEY_UIApplicationSupportsIndirectInputEvents = YES;
				INFOPLIST_KEY_UILaunchStoryboardName = LaunchScreen;
				INFOPLIST_KEY_UIMainStoryboardFile = Main;
				INFOPLIST_KEY_UISupportedInterfaceOrientations_iPad = "UIInterfaceOrientationPortrait UIInterfaceOrientationPortraitUpsideDown UIInterfaceOrientationLandscapeLeft UIInterfaceOrientationLandscapeRight";
				INFOPLIST_KEY_UISupportedInterfaceOrientations_iPhone = "UIInterfaceOrientationPortrait UIInterfaceOrientationLandscapeLeft UIInterfaceOrientationLandscapeRight";
				IPHONEOS_DEPLOYMENT_TARGET = 15.5;
				LD_RUNPATH_SEARCH_PATHS = (
					"$(inherited)",
					"@executable_path/Frameworks",
				);
				MARKETING_VERSION = 1.0;
				PRODUCT_BUNDLE_IDENTIFIER = com.ziddan.FlashChat;
				PRODUCT_NAME = "$(TARGET_NAME)";
				SWIFT_EMIT_LOC_STRINGS = YES;
				SWIFT_VERSION = 5.0;
				TARGETED_DEVICE_FAMILY = 1;
			};
			name = Debug;
		};
		8F57BF7F28B250E9001F4AC7 /* Release */ = {
			isa = XCBuildConfiguration;
			baseConfigurationReference = 4ACB858ECF24D5086A89289A /* Pods-FlashChat.release.xcconfig */;
			buildSettings = {
				ASSETCATALOG_COMPILER_APPICON_NAME = AppIcon;
				ASSETCATALOG_COMPILER_GLOBAL_ACCENT_COLOR_NAME = AccentColor;
				CODE_SIGN_STYLE = Automatic;
				CURRENT_PROJECT_VERSION = 1;
				DEVELOPMENT_TEAM = 67Y666X7TJ;
				GENERATE_INFOPLIST_FILE = YES;
				INFOPLIST_FILE = FlashChat/Info.plist;
				INFOPLIST_KEY_UIApplicationSupportsIndirectInputEvents = YES;
				INFOPLIST_KEY_UILaunchStoryboardName = LaunchScreen;
				INFOPLIST_KEY_UIMainStoryboardFile = Main;
				INFOPLIST_KEY_UISupportedInterfaceOrientations_iPad = "UIInterfaceOrientationPortrait UIInterfaceOrientationPortraitUpsideDown UIInterfaceOrientationLandscapeLeft UIInterfaceOrientationLandscapeRight";
				INFOPLIST_KEY_UISupportedInterfaceOrientations_iPhone = "UIInterfaceOrientationPortrait UIInterfaceOrientationLandscapeLeft UIInterfaceOrientationLandscapeRight";
				IPHONEOS_DEPLOYMENT_TARGET = 15.5;
				LD_RUNPATH_SEARCH_PATHS = (
					"$(inherited)",
					"@executable_path/Frameworks",
				);
				MARKETING_VERSION = 1.0;
				PRODUCT_BUNDLE_IDENTIFIER = com.ziddan.FlashChat;
				PRODUCT_NAME = "$(TARGET_NAME)";
				SWIFT_EMIT_LOC_STRINGS = YES;
				SWIFT_VERSION = 5.0;
				TARGETED_DEVICE_FAMILY = 1;
			};
			name = Release;
		};
/* End XCBuildConfiguration section */

/* Begin XCConfigurationList section */
		8F57BF6428B250E6001F4AC7 /* Build configuration list for PBXProject "FlashChat" */ = {
			isa = XCConfigurationList;
			buildConfigurations = (
				8F57BF7B28B250E9001F4AC7 /* Debug */,
				8F57BF7C28B250E9001F4AC7 /* Release */,
			);
			defaultConfigurationIsVisible = 0;
			defaultConfigurationName = Release;
		};
		8F57BF7D28B250E9001F4AC7 /* Build configuration list for PBXNativeTarget "FlashChat" */ = {
			isa = XCConfigurationList;
			buildConfigurations = (
				8F57BF7E28B250E9001F4AC7 /* Debug */,
				8F57BF7F28B250E9001F4AC7 /* Release */,
			);
			defaultConfigurationIsVisible = 0;
			defaultConfigurationName = Release;
		};
/* End XCConfigurationList section */

/* Begin XCRemoteSwiftPackageReference section */
		8F06A49F28B33E62000BEECF /* XCRemoteSwiftPackageReference "firebase-ios-sdk" */ = {
			isa = XCRemoteSwiftPackageReference;
			repositoryURL = "https://github.com/firebase/firebase-ios-sdk";
			requirement = {
				branch = master;
				kind = branch;
			};
		};
/* End XCRemoteSwiftPackageReference section */

/* Begin XCSwiftPackageProductDependency section */
		8F06A4A028B33E62000BEECF /* FirebaseAuth */ = {
			isa = XCSwiftPackageProductDependency;
			package = 8F06A49F28B33E62000BEECF /* XCRemoteSwiftPackageReference "firebase-ios-sdk" */;
			productName = FirebaseAuth;
		};
		8F06A4A228B33E62000BEECF /* FirebaseFirestore */ = {
			isa = XCSwiftPackageProductDependency;
			package = 8F06A49F28B33E62000BEECF /* XCRemoteSwiftPackageReference "firebase-ios-sdk" */;
			productName = FirebaseFirestore;
		};
/* End XCSwiftPackageProductDependency section */
	};
	rootObject = 8F57BF6128B250E6001F4AC7 /* Project object */;
}
